
Microsoft Visual Studio Solution File, Format Version 12.00
# Visual Studio Version 17
VisualStudioVersion = 17.10.35013.160
MinimumVisualStudioVersion = 10.0.40219.1
Project("{FAE04EC0-301F-11D3-BF4B-00C04F79EFBC}") = "DotnetServer", "DotnetServer\DotnetServer.csproj", "{5C8E6C10-9DC1-4169-A80E-91733C63CF87}"
EndProject
Global
	GlobalSection(SolutionConfigurationPlatforms) = preSolution
		Debug|Any CPU = Debug|Any CPU
		Release|Any CPU = Release|Any CPU
	EndGlobalSection
	GlobalSection(ProjectConfigurationPlatforms) = postSolution
		{5C8E6C10-9DC1-4169-A80E-91733C63CF87}.Debug|Any CPU.ActiveCfg = Debug|Any CPU
		{5C8E6C10-9DC1-4169-A80E-91733C63CF87}.Debug|Any CPU.Build.0 = Debug|Any CPU
		{5C8E6C10-9DC1-4169-A80E-91733C63CF87}.Release|Any CPU.ActiveCfg = Release|Any CPU
		{5C8E6C10-9DC1-4169-A80E-91733C63CF87}.Release|Any CPU.Build.0 = Release|Any CPU
	EndGlobalSection
	GlobalSection(SolutionProperties) = preSolution
		HideSolutionNode = FALSE
	EndGlobalSection
	GlobalSection(ExtensibilityGlobals) = postSolution
		SolutionGuid = {1FDF1E8B-B695-422F-8C00-1A30042197FE}
	EndGlobalSection
EndGlobal
