
Microsoft Visual Studio Solution File, Format Version 12.00
# Visual Studio Version 17
VisualStudioVersion = 17.10.35013.160
MinimumVisualStudioVersion = 10.0.40219.1
Project("{FAE04EC0-301F-11D3-BF4B-00C04F79EFBC}") = "DotnetClient", "DotnetClient\DotnetClient.csproj", "{5EE8690F-7566-4A3F-BB15-9CB2DD33C7F0}"
EndProject
Global
	GlobalSection(SolutionConfigurationPlatforms) = preSolution
		Debug|Any CPU = Debug|Any CPU
		Release|Any CPU = Release|Any CPU
	EndGlobalSection
	GlobalSection(ProjectConfigurationPlatforms) = postSolution
		{5EE8690F-7566-4A3F-BB15-9CB2DD33C7F0}.Debug|Any CPU.ActiveCfg = Debug|Any CPU
		{5EE8690F-7566-4A3F-BB15-9CB2DD33C7F0}.Debug|Any CPU.Build.0 = Debug|Any CPU
		{5EE8690F-7566-4A3F-BB15-9CB2DD33C7F0}.Release|Any CPU.ActiveCfg = Release|Any CPU
		{5EE8690F-7566-4A3F-BB15-9CB2DD33C7F0}.Release|Any CPU.Build.0 = Release|Any CPU
	EndGlobalSection
	GlobalSection(SolutionProperties) = preSolution
		HideSolutionNode = FALSE
	EndGlobalSection
	GlobalSection(ExtensibilityGlobals) = postSolution
		SolutionGuid = {D0CBA774-234A-4E1E-98E3-5633DDF446EB}
	EndGlobalSection
EndGlobal
